
Microsoft Visual Studio Solution File, Format Version 12.00
# Visual Studio Version 17
VisualStudioVersion = 17.8.34511.84
MinimumVisualStudioVersion = 10.0.40219.1
Project("{9A19103F-16F7-4668-BE54-9A1E7A4F7556}") = "Proyecto de Ventas", "Proyecto de Ventas\Proyecto de Ventas.csproj", "{041ACF54-39FE-4BAC-A87D-44325BC78CE7}"
EndProject
Global
	GlobalSection(SolutionConfigurationPlatforms) = preSolution
		Debug|Any CPU = Debug|Any CPU
		Release|Any CPU = Release|Any CPU
	EndGlobalSection
	GlobalSection(ProjectConfigurationPlatforms) = postSolution
		{041ACF54-39FE-4BAC-A87D-44325BC78CE7}.Debug|Any CPU.ActiveCfg = Debug|Any CPU
		{041ACF54-39FE-4BAC-A87D-44325BC78CE7}.Debug|Any CPU.Build.0 = Debug|Any CPU
		{041ACF54-39FE-4BAC-A87D-44325BC78CE7}.Release|Any CPU.ActiveCfg = Release|Any CPU
		{041ACF54-39FE-4BAC-A87D-44325BC78CE7}.Release|Any CPU.Build.0 = Release|Any CPU
	EndGlobalSection
	GlobalSection(SolutionProperties) = preSolution
		HideSolutionNode = FALSE
	EndGlobalSection
	GlobalSection(ExtensibilityGlobals) = postSolution
		SolutionGuid = {7D8FF867-BCC0-4595-9E89-7C4CDC3E48FD}
	EndGlobalSection
EndGlobal
